
Microsoft Visual Studio Solution File, Format Version 12.00
# Visual Studio Version 17
VisualStudioVersion = 17.8.34330.188
MinimumVisualStudioVersion = 10.0.40219.1
Project("{FAE04EC0-301F-11D3-BF4B-00C04F79EFBC}") = "GymWebApp", "GymWebApp\GymWebApp.csproj", "{5E32CAF4-790B-49F0-8853-55CEEF0953E7}"
EndProject
Project("{FAE04EC0-301F-11D3-BF4B-00C04F79EFBC}") = "GymDomain", "GymDomain\GymDomain.csproj", "{50D4C7ED-24C6-4AF1-9065-B9A066B55150}"
EndProject
Project("{FAE04EC0-301F-11D3-BF4B-00C04F79EFBC}") = "GymBusiness", "GymBusiness\GymBusiness.csproj", "{43726F31-0178-408D-89A2-41FCC265DDB8}"
EndProject
Project("{FAE04EC0-301F-11D3-BF4B-00C04F79EFBC}") = "TestGymBusiness", "TestGymBusiness\TestGymBusiness.csproj", "{ED115425-17D8-4A4B-BBE4-CE13D3E9C3A4}"
EndProject
Global
	GlobalSection(SolutionConfigurationPlatforms) = preSolution
		Debug|Any CPU = Debug|Any CPU
		Release|Any CPU = Release|Any CPU
	EndGlobalSection
	GlobalSection(ProjectConfigurationPlatforms) = postSolution
		{5E32CAF4-790B-49F0-8853-55CEEF0953E7}.Debug|Any CPU.ActiveCfg = Debug|Any CPU
		{5E32CAF4-790B-49F0-8853-55CEEF0953E7}.Debug|Any CPU.Build.0 = Debug|Any CPU
		{5E32CAF4-790B-49F0-8853-55CEEF0953E7}.Release|Any CPU.ActiveCfg = Release|Any CPU
		{5E32CAF4-790B-49F0-8853-55CEEF0953E7}.Release|Any CPU.Build.0 = Release|Any CPU
		{50D4C7ED-24C6-4AF1-9065-B9A066B55150}.Debug|Any CPU.ActiveCfg = Debug|Any CPU
		{50D4C7ED-24C6-4AF1-9065-B9A066B55150}.Debug|Any CPU.Build.0 = Debug|Any CPU
		{50D4C7ED-24C6-4AF1-9065-B9A066B55150}.Release|Any CPU.ActiveCfg = Release|Any CPU
		{50D4C7ED-24C6-4AF1-9065-B9A066B55150}.Release|Any CPU.Build.0 = Release|Any CPU
		{43726F31-0178-408D-89A2-41FCC265DDB8}.Debug|Any CPU.ActiveCfg = Debug|Any CPU
		{43726F31-0178-408D-89A2-41FCC265DDB8}.Debug|Any CPU.Build.0 = Debug|Any CPU
		{43726F31-0178-408D-89A2-41FCC265DDB8}.Release|Any CPU.ActiveCfg = Release|Any CPU
		{43726F31-0178-408D-89A2-41FCC265DDB8}.Release|Any CPU.Build.0 = Release|Any CPU
		{ED115425-17D8-4A4B-BBE4-CE13D3E9C3A4}.Debug|Any CPU.ActiveCfg = Debug|Any CPU
		{ED115425-17D8-4A4B-BBE4-CE13D3E9C3A4}.Debug|Any CPU.Build.0 = Debug|Any CPU
		{ED115425-17D8-4A4B-BBE4-CE13D3E9C3A4}.Release|Any CPU.ActiveCfg = Release|Any CPU
		{ED115425-17D8-4A4B-BBE4-CE13D3E9C3A4}.Release|Any CPU.Build.0 = Release|Any CPU
	EndGlobalSection
	GlobalSection(SolutionProperties) = preSolution
		HideSolutionNode = FALSE
	EndGlobalSection
	GlobalSection(ExtensibilityGlobals) = postSolution
		SolutionGuid = {1BDEBBB6-43A6-4104-9937-B2AD2064CD7F}
	EndGlobalSection
EndGlobal
